
Microsoft Visual Studio Solution File, Format Version 12.00
# Visual Studio Version 17
VisualStudioVersion = 17.5.002.0
MinimumVisualStudioVersion = 10.0.40219.1
Project("{9A19103F-16F7-4668-BE54-9A1E7A4F7556}") = "-inluppgift", "-inluppgift.csproj", "{192CCED4-C898-4559-AD0D-0B62356CD64F}"
EndProject
Global
	GlobalSection(SolutionConfigurationPlatforms) = preSolution
		Debug|Any CPU = Debug|Any CPU
		Release|Any CPU = Release|Any CPU
	EndGlobalSection
	GlobalSection(ProjectConfigurationPlatforms) = postSolution
		{192CCED4-C898-4559-AD0D-0B62356CD64F}.Debug|Any CPU.ActiveCfg = Debug|Any CPU
		{192CCED4-C898-4559-AD0D-0B62356CD64F}.Debug|Any CPU.Build.0 = Debug|Any CPU
		{192CCED4-C898-4559-AD0D-0B62356CD64F}.Release|Any CPU.ActiveCfg = Release|Any CPU
		{192CCED4-C898-4559-AD0D-0B62356CD64F}.Release|Any CPU.Build.0 = Release|Any CPU
	EndGlobalSection
	GlobalSection(SolutionProperties) = preSolution
		HideSolutionNode = FALSE
	EndGlobalSection
	GlobalSection(ExtensibilityGlobals) = postSolution
		SolutionGuid = {073FAA81-1F9A-445F-9A37-9D3239539A8E}
	EndGlobalSection
EndGlobal
